
Microsoft Visual Studio Solution File, Format Version 12.00
# Visual Studio Version 17
VisualStudioVersion = 17.2.32616.157
MinimumVisualStudioVersion = 10.0.40219.1
Project("{FAE04EC0-301F-11D3-BF4B-00C04F79EFBC}") = "ArkCollectionApiGateway", "ArkCollectionApiGateway\ArkCollectionApiGateway.csproj", "{8B112525-FA89-42DE-A68B-47186D87383A}"
EndProject
Global
	GlobalSection(SolutionConfigurationPlatforms) = preSolution
		Debug|Any CPU = Debug|Any CPU
		Release|Any CPU = Release|Any CPU
	EndGlobalSection
	GlobalSection(ProjectConfigurationPlatforms) = postSolution
		{8B112525-FA89-42DE-A68B-47186D87383A}.Debug|Any CPU.ActiveCfg = Debug|Any CPU
		{8B112525-FA89-42DE-A68B-47186D87383A}.Debug|Any CPU.Build.0 = Debug|Any CPU
		{8B112525-FA89-42DE-A68B-47186D87383A}.Release|Any CPU.ActiveCfg = Release|Any CPU
		{8B112525-FA89-42DE-A68B-47186D87383A}.Release|Any CPU.Build.0 = Release|Any CPU
	EndGlobalSection
	GlobalSection(SolutionProperties) = preSolution
		HideSolutionNode = FALSE
	EndGlobalSection
	GlobalSection(ExtensibilityGlobals) = postSolution
		SolutionGuid = {FEAB51DC-AB49-4492-94CB-7A5AAB1E3395}
	EndGlobalSection
EndGlobal
